Microsoft Visual Studio Solution File, Format Version 11.00
# Visual Studio 2008

Project("{67E6FFD1-0925-7966-00A6-7BF48394BD5E}") = "TBR", "Assembly-CSharp.csproj", "{E35CF8DC-69F3-E7B3-A087-EB24A05AE70E}"
EndProject
Global
	GlobalSection(SolutionConfigurationPlatforms) = preSolution
		Debug|Any CPU = Debug|Any CPU
		Release|Any CPU = Release|Any CPU
	EndGlobalSection
	GlobalSection(ProjectConfigurationPlatforms) = postSolution
		{E35CF8DC-69F3-E7B3-A087-EB24A05AE70E}.Debug|Any CPU.ActiveCfg = Debug|Any CPU
		{E35CF8DC-69F3-E7B3-A087-EB24A05AE70E}.Debug|Any CPU.Build.0 = Debug|Any CPU
		{E35CF8DC-69F3-E7B3-A087-EB24A05AE70E}.Release|Any CPU.ActiveCfg = Release|Any CPU
		{E35CF8DC-69F3-E7B3-A087-EB24A05AE70E}.Release|Any CPU.Build.0 = Release|Any CPU
	EndGlobalSection
	GlobalSection(SolutionProperties) = preSolution
		HideSolutionNode = FALSE
	EndGlobalSection
			GlobalSection(MonoDevelopProperties) = preSolution
		StartupItem = Assembly-CSharp.csproj
		Policies = $0
		$0.TextStylePolicy = $1
		$1.inheritsSet = null
		$1.scope = text/x-csharp
		$0.CSharpFormattingPolicy = $2
		$2.inheritsSet = Mono
		$2.inheritsScope = text/x-csharp
		$2.scope = text/x-csharp
		$0.TextStylePolicy = $3
		$3.FileWidth = 120
		$3.TabWidth = 4
		$3.EolMarker = Unix
		$3.inheritsSet = Mono
		$3.inheritsScope = text/plain
		$3.scope = text/plain
	EndGlobalSection

EndGlobal
